// !$*UTF8*$!
{
	archiveVersion = 1;
	classes = {
	};
	objectVersion = 56;
	objects = {

/* Begin PBXBuildFile section */
		02A2D4FF2B46D3ED003E4902 /* InviteCardView.swift in Sources */ = {isa = PBXBuildFile; fileRef = 02A2D4FE2B46D3ED003E4902 /* InviteCardView.swift */; };
		02A2D5012B46D415003E4902 /* CardProtocols.swift in Sources */ = {isa = PBXBuildFile; fileRef = 02A2D5002B46D415003E4902 /* CardProtocols.swift */; };
		02A2D5032B46D43B003E4902 /* InviteContainer.swift in Sources */ = {isa = PBXBuildFile; fileRef = 02A2D5022B46D43B003E4902 /* InviteContainer.swift */; };
		02A2D5052B46DFC4003E4902 /* InvitationViewController.swift in Sources */ = {isa = PBXBuildFile; fileRef = 02A2D5042B46DFC4003E4902 /* InvitationViewController.swift */; };
		02A2D5082B47DAAC003E4902 /* BadgeHub.swift in Sources */ = {isa = PBXBuildFile; fileRef = 02A2D5072B47DAAC003E4902 /* BadgeHub.swift */; };
		02A2D50A2B47FBDB003E4902 /* GradientButton.swift in Sources */ = {isa = PBXBuildFile; fileRef = 02A2D5092B47FBDB003E4902 /* GradientButton.swift */; };
		02A2D5182B4AD93D003E4902 /* ScenarioSelectViewController.swift in Sources */ = {isa = PBXBuildFile; fileRef = 02A2D5172B4AD93D003E4902 /* ScenarioSelectViewController.swift */; };
		02A2D51A2B4ADBFB003E4902 /* KOViewController.swift in Sources */ = {isa = PBXBuildFile; fileRef = 02A2D5192B4ADBFB003E4902 /* KOViewController.swift */; };
		02A2D51E2B4AF64C003E4902 /* CustomTabBarViewController.swift in Sources */ = {isa = PBXBuildFile; fileRef = 02A2D51D2B4AF64C003E4902 /* CustomTabBarViewController.swift */; };
		02A370302B4144B90057FB6A /* FriendTableViewCell.swift in Sources */ = {isa = PBXBuildFile; fileRef = 02A3702F2B4144B90057FB6A /* FriendTableViewCell.swift */; };
		02A370382B4409660057FB6A /* EmptyView.swift in Sources */ = {isa = PBXBuildFile; fileRef = 02A370372B4409660057FB6A /* EmptyView.swift */; };
		02A800642B4062A000CAA2B4 /* UIColor+Ext.swift in Sources */ = {isa = PBXBuildFile; fileRef = 02A800632B4062A000CAA2B4 /* UIColor+Ext.swift */; };
		02A800672B4065BD00CAA2B4 /* SelectedFilterView.swift in Sources */ = {isa = PBXBuildFile; fileRef = 02A800662B4065BD00CAA2B4 /* SelectedFilterView.swift */; };
		02AFB6122B5654420016FF0A /* FriendViewController.swift in Sources */ = {isa = PBXBuildFile; fileRef = 02AFB6112B5654420016FF0A /* FriendViewController.swift */; };
		02C7790E2B32ECB1001B8CB4 /* AppDelegate.swift in Sources */ = {isa = PBXBuildFile; fileRef = 02C7790D2B32ECB1001B8CB4 /* AppDelegate.swift */; };
		02C779102B32ECB1001B8CB4 /* SceneDelegate.swift in Sources */ = {isa = PBXBuildFile; fileRef = 02C7790F2B32ECB1001B8CB4 /* SceneDelegate.swift */; };
		02C779172B32ECB4001B8CB4 /* Assets.xcassets in Resources */ = {isa = PBXBuildFile; fileRef = 02C779162B32ECB4001B8CB4 /* Assets.xcassets */; };
		02C7791A2B32ECB4001B8CB4 /* LaunchScreen.storyboard in Resources */ = {isa = PBXBuildFile; fileRef = 02C779182B32ECB4001B8CB4 /* LaunchScreen.storyboard */; };
		02C779252B32ECB5001B8CB4 /* Cathaybk_iOS_interviewTests.swift in Sources */ = {isa = PBXBuildFile; fileRef = 02C779242B32ECB5001B8CB4 /* Cathaybk_iOS_interviewTests.swift */; };
		02C7792F2B32ECB5001B8CB4 /* Cathaybk_iOS_interviewUITests.swift in Sources */ = {isa = PBXBuildFile; fileRef = 02C7792E2B32ECB5001B8CB4 /* Cathaybk_iOS_interviewUITests.swift */; };
		02C779312B32ECB5001B8CB4 /* Cathaybk_iOS_interviewUITestsLaunchTests.swift in Sources */ = {isa = PBXBuildFile; fileRef = 02C779302B32ECB5001B8CB4 /* Cathaybk_iOS_interviewUITestsLaunchTests.swift */; };
		02C779412B32F488001B8CB4 /* MainTabBarViewController.swift in Sources */ = {isa = PBXBuildFile; fileRef = 02C779402B32F488001B8CB4 /* MainTabBarViewController.swift */; };
		02C779472B32F510001B8CB4 /* ProductsViewController.swift in Sources */ = {isa = PBXBuildFile; fileRef = 02C779462B32F510001B8CB4 /* ProductsViewController.swift */; };
		02C7794B2B32F564001B8CB4 /* ManageViewController.swift in Sources */ = {isa = PBXBuildFile; fileRef = 02C7794A2B32F564001B8CB4 /* ManageViewController.swift */; };
		02C7794D2B32F570001B8CB4 /* SettingViewController.swift in Sources */ = {isa = PBXBuildFile; fileRef = 02C7794C2B32F570001B8CB4 /* SettingViewController.swift */; };
		02C779522B3326E2001B8CB4 /* ProfileView.swift in Sources */ = {isa = PBXBuildFile; fileRef = 02C779512B3326E2001B8CB4 /* ProfileView.swift */; };
		02C779562B332C85001B8CB4 /* ProfileViewModel.swift in Sources */ = {isa = PBXBuildFile; fileRef = 02C779552B332C85001B8CB4 /* ProfileViewModel.swift */; };
		02C779592B332CF7001B8CB4 /* APIService.swift in Sources */ = {isa = PBXBuildFile; fileRef = 02C779582B332CF7001B8CB4 /* APIService.swift */; };
		02C7795C2B332D6D001B8CB4 /* User.swift in Sources */ = {isa = PBXBuildFile; fileRef = 02C7795B2B332D6D001B8CB4 /* User.swift */; };
		02C7795E2B333103001B8CB4 /* Friends.swift in Sources */ = {isa = PBXBuildFile; fileRef = 02C7795D2B333103001B8CB4 /* Friends.swift */; };
		02D400232B33E40700BA571C /* CircularProfileImageView.swift in Sources */ = {isa = PBXBuildFile; fileRef = 02D400222B33E40700BA571C /* CircularProfileImageView.swift */; };
		02D400282B34185800BA571C /* PinkRectangleView.swift in Sources */ = {isa = PBXBuildFile; fileRef = 02D400272B34185800BA571C /* PinkRectangleView.swift */; };
		02D400332B345ECC00BA571C /* FriendTableViewModel.swift in Sources */ = {isa = PBXBuildFile; fileRef = 02D400322B345ECC00BA571C /* FriendTableViewModel.swift */; };
		3E822E589F61516BCC3124ED /* Pods_Cathaybk_iOS_interview.framework in Frameworks */ = {isa = PBXBuildFile; fileRef = CC8A13CBC0F07B42B1165BF1 /* Pods_Cathaybk_iOS_interview.framework */; };
		7DB5D50A48EBC87975EFAC50 /* Pods_Cathaybk_iOS_interviewTests.framework in Frameworks */ = {isa = PBXBuildFile; fileRef = 1763037321F34E323BBC8E02 /* Pods_Cathaybk_iOS_interviewTests.framework */; };
		87CDF61B0E8B3A771E70CA91 /* Pods_Cathaybk_iOS_interview_Cathaybk_iOS_interviewUITests.framework in Frameworks */ = {isa = PBXBuildFile; fileRef = 3667AA4B3C77B03079ABA8C0 /* Pods_Cathaybk_iOS_interview_Cathaybk_iOS_interviewUITests.framework */; };
/* End PBXBuildFile section */

/* Begin PBXContainerItemProxy section */
		02C779212B32ECB5001B8CB4 /* PBXContainerItemProxy */ = {
			isa = PBXContainerItemProxy;
			containerPortal = 02C779022B32ECB1001B8CB4 /* Project object */;
			proxyType = 1;
			remoteGlobalIDString = 02C779092B32ECB1001B8CB4;
			remoteInfo = Cathaybk_iOS_interview;
		};
		02C7792B2B32ECB5001B8CB4 /* PBXContainerItemProxy */ = {
			isa = PBXContainerItemProxy;
			containerPortal = 02C779022B32ECB1001B8CB4 /* Project object */;
			proxyType = 1;
			remoteGlobalIDString = 02C779092B32ECB1001B8CB4;
			remoteInfo = Cathaybk_iOS_interview;
		};
/* End PBXContainerItemProxy section */

/* Begin PBXFileReference section */
		02A2D4FE2B46D3ED003E4902 /* InviteCardView.swift */ = {isa = PBXFileReference; lastKnownFileType = sourcecode.swift; path = InviteCardView.swift; sourceTree = "<group>"; };
		02A2D5002B46D415003E4902 /* CardProtocols.swift */ = {isa = PBXFileReference; lastKnownFileType = sourcecode.swift; path = CardProtocols.swift; sourceTree = "<group>"; };
		02A2D5022B46D43B003E4902 /* InviteContainer.swift */ = {isa = PBXFileReference; lastKnownFileType = sourcecode.swift; path = InviteContainer.swift; sourceTree = "<group>"; };
		02A2D5042B46DFC4003E4902 /* InvitationViewController.swift */ = {isa = PBXFileReference; fileEncoding = 4; lastKnownFileType = sourcecode.swift; path = InvitationViewController.swift; sourceTree = "<group>"; };
		02A2D5072B47DAAC003E4902 /* BadgeHub.swift */ = {isa = PBXFileReference; fileEncoding = 4; lastKnownFileType = sourcecode.swift; path = BadgeHub.swift; sourceTree = "<group>"; };
		02A2D5092B47FBDB003E4902 /* GradientButton.swift */ = {isa = PBXFileReference; lastKnownFileType = sourcecode.swift; path = GradientButton.swift; sourceTree = "<group>"; };
		02A2D5172B4AD93D003E4902 /* ScenarioSelectViewController.swift */ = {isa = PBXFileReference; lastKnownFileType = sourcecode.swift; path = ScenarioSelectViewController.swift; sourceTree = "<group>"; };
		02A2D5192B4ADBFB003E4902 /* KOViewController.swift */ = {isa = PBXFileReference; lastKnownFileType = sourcecode.swift; path = KOViewController.swift; sourceTree = "<group>"; };
		02A2D51D2B4AF64C003E4902 /* CustomTabBarViewController.swift */ = {isa = PBXFileReference; fileEncoding = 4; lastKnownFileType = sourcecode.swift; path = CustomTabBarViewController.swift; sourceTree = "<group>"; };
		02A3702F2B4144B90057FB6A /* FriendTableViewCell.swift */ = {isa = PBXFileReference; lastKnownFileType = sourcecode.swift; path = FriendTableViewCell.swift; sourceTree = "<group>"; };
		02A370372B4409660057FB6A /* EmptyView.swift */ = {isa = PBXFileReference; lastKnownFileType = sourcecode.swift; path = EmptyView.swift; sourceTree = "<group>"; };
		02A800632B4062A000CAA2B4 /* UIColor+Ext.swift */ = {isa = PBXFileReference; lastKnownFileType = sourcecode.swift; path = "UIColor+Ext.swift"; sourceTree = "<group>"; };
		02A800662B4065BD00CAA2B4 /* SelectedFilterView.swift */ = {isa = PBXFileReference; lastKnownFileType = sourcecode.swift; path = SelectedFilterView.swift; sourceTree = "<group>"; };
		02AFB6112B5654420016FF0A /* FriendViewController.swift */ = {isa = PBXFileReference; lastKnownFileType = sourcecode.swift; path = FriendViewController.swift; sourceTree = "<group>"; };
		02C7790A2B32ECB1001B8CB4 /* Cathaybk_iOS_interview.app */ = {isa = PBXFileReference; explicitFileType = wrapper.application; includeInIndex = 0; path = Cathaybk_iOS_interview.app; sourceTree = BUILT_PRODUCTS_DIR; };
		02C7790D2B32ECB1001B8CB4 /* AppDelegate.swift */ = {isa = PBXFileReference; lastKnownFileType = sourcecode.swift; path = AppDelegate.swift; sourceTree = "<group>"; };
		02C7790F2B32ECB1001B8CB4 /* SceneDelegate.swift */ = {isa = PBXFileReference; lastKnownFileType = sourcecode.swift; path = SceneDelegate.swift; sourceTree = "<group>"; };
		02C779162B32ECB4001B8CB4 /* Assets.xcassets */ = {isa = PBXFileReference; lastKnownFileType = folder.assetcatalog; path = Assets.xcassets; sourceTree = "<group>"; };
		02C779192B32ECB4001B8CB4 /* Base */ = {isa = PBXFileReference; lastKnownFileType = file.storyboard; name = Base; path = Base.lproj/LaunchScreen.storyboard; sourceTree = "<group>"; };
		02C7791B2B32ECB4001B8CB4 /* Info.plist */ = {isa = PBXFileReference; lastKnownFileType = text.plist.xml; path = Info.plist; sourceTree = "<group>"; };
		02C779202B32ECB5001B8CB4 /* Cathaybk_iOS_interviewTests.xctest */ = {isa = PBXFileReference; explicitFileType = wrapper.cfbundle; includeInIndex = 0; path = Cathaybk_iOS_interviewTests.xctest; sourceTree = BUILT_PRODUCTS_DIR; };
		02C779242B32ECB5001B8CB4 /* Cathaybk_iOS_interviewTests.swift */ = {isa = PBXFileReference; lastKnownFileType = sourcecode.swift; path = Cathaybk_iOS_interviewTests.swift; sourceTree = "<group>"; };
		02C7792A2B32ECB5001B8CB4 /* Cathaybk_iOS_interviewUITests.xctest */ = {isa = PBXFileReference; explicitFileType = wrapper.cfbundle; includeInIndex = 0; path = Cathaybk_iOS_interviewUITests.xctest; sourceTree = BUILT_PRODUCTS_DIR; };
		02C7792E2B32ECB5001B8CB4 /* Cathaybk_iOS_interviewUITests.swift */ = {isa = PBXFileReference; lastKnownFileType = sourcecode.swift; path = Cathaybk_iOS_interviewUITests.swift; sourceTree = "<group>"; };
		02C779302B32ECB5001B8CB4 /* Cathaybk_iOS_interviewUITestsLaunchTests.swift */ = {isa = PBXFileReference; lastKnownFileType = sourcecode.swift; path = Cathaybk_iOS_interviewUITestsLaunchTests.swift; sourceTree = "<group>"; };
		02C779402B32F488001B8CB4 /* MainTabBarViewController.swift */ = {isa = PBXFileReference; lastKnownFileType = sourcecode.swift; path = MainTabBarViewController.swift; sourceTree = "<group>"; };
		02C779462B32F510001B8CB4 /* ProductsViewController.swift */ = {isa = PBXFileReference; lastKnownFileType = sourcecode.swift; path = ProductsViewController.swift; sourceTree = "<group>"; };
		02C7794A2B32F564001B8CB4 /* ManageViewController.swift */ = {isa = PBXFileReference; lastKnownFileType = sourcecode.swift; path = ManageViewController.swift; sourceTree = "<group>"; };
		02C7794C2B32F570001B8CB4 /* SettingViewController.swift */ = {isa = PBXFileReference; lastKnownFileType = sourcecode.swift; path = SettingViewController.swift; sourceTree = "<group>"; };
		02C779512B3326E2001B8CB4 /* ProfileView.swift */ = {isa = PBXFileReference; lastKnownFileType = sourcecode.swift; path = ProfileView.swift; sourceTree = "<group>"; };
		02C779552B332C85001B8CB4 /* ProfileViewModel.swift */ = {isa = PBXFileReference; lastKnownFileType = sourcecode.swift; path = ProfileViewModel.swift; sourceTree = "<group>"; };
		02C779582B332CF7001B8CB4 /* APIService.swift */ = {isa = PBXFileReference; lastKnownFileType = sourcecode.swift; path = APIService.swift; sourceTree = "<group>"; };
		02C7795B2B332D6D001B8CB4 /* User.swift */ = {isa = PBXFileReference; lastKnownFileType = sourcecode.swift; path = User.swift; sourceTree = "<group>"; };
		02C7795D2B333103001B8CB4 /* Friends.swift */ = {isa = PBXFileReference; lastKnownFileType = sourcecode.swift; path = Friends.swift; sourceTree = "<group>"; };
		02D400222B33E40700BA571C /* CircularProfileImageView.swift */ = {isa = PBXFileReference; lastKnownFileType = sourcecode.swift; path = CircularProfileImageView.swift; sourceTree = "<group>"; };
		02D400272B34185800BA571C /* PinkRectangleView.swift */ = {isa = PBXFileReference; lastKnownFileType = sourcecode.swift; path = PinkRectangleView.swift; sourceTree = "<group>"; };
		02D400322B345ECC00BA571C /* FriendTableViewModel.swift */ = {isa = PBXFileReference; lastKnownFileType = sourcecode.swift; path = FriendTableViewModel.swift; sourceTree = "<group>"; };
		1763037321F34E323BBC8E02 /* Pods_Cathaybk_iOS_interviewTests.framework */ = {isa = PBXFileReference; explicitFileType = wrapper.framework; includeInIndex = 0; path = Pods_Cathaybk_iOS_interviewTests.framework; sourceTree = BUILT_PRODUCTS_DIR; };
		3667AA4B3C77B03079ABA8C0 /* Pods_Cathaybk_iOS_interview_Cathaybk_iOS_interviewUITests.framework */ = {isa = PBXFileReference; explicitFileType = wrapper.framework; includeInIndex = 0; path = Pods_Cathaybk_iOS_interview_Cathaybk_iOS_interviewUITests.framework; sourceTree = BUILT_PRODUCTS_DIR; };
		4C0AE9BA8B939A13D11518F6 /* Pods-Cathaybk_iOS_interview-Cathaybk_iOS_interviewUITests.release.xcconfig */ = {isa = PBXFileReference; includeInIndex = 1; lastKnownFileType = text.xcconfig; name = "Pods-Cathaybk_iOS_interview-Cathaybk_iOS_interviewUITests.release.xcconfig"; path = "Target Support Files/Pods-Cathaybk_iOS_interview-Cathaybk_iOS_interviewUITests/Pods-Cathaybk_iOS_interview-Cathaybk_iOS_interviewUITests.release.xcconfig"; sourceTree = "<group>"; };
		777E4AADC18F79FD50091351 /* Pods-Cathaybk_iOS_interviewTests.release.xcconfig */ = {isa = PBXFileReference; includeInIndex = 1; lastKnownFileType = text.xcconfig; name = "Pods-Cathaybk_iOS_interviewTests.release.xcconfig"; path = "Target Support Files/Pods-Cathaybk_iOS_interviewTests/Pods-Cathaybk_iOS_interviewTests.release.xcconfig"; sourceTree = "<group>"; };
		9C13C5C6FA3BA323F730D88C /* Pods-Cathaybk_iOS_interviewTests.debug.xcconfig */ = {isa = PBXFileReference; includeInIndex = 1; lastKnownFileType = text.xcconfig; name = "Pods-Cathaybk_iOS_interviewTests.debug.xcconfig"; path = "Target Support Files/Pods-Cathaybk_iOS_interviewTests/Pods-Cathaybk_iOS_interviewTests.debug.xcconfig"; sourceTree = "<group>"; };
		A0CB29C3CE005320B3C29C3A /* Pods-Cathaybk_iOS_interview.debug.xcconfig */ = {isa = PBXFileReference; includeInIndex = 1; lastKnownFileType = text.xcconfig; name = "Pods-Cathaybk_iOS_interview.debug.xcconfig"; path = "Target Support Files/Pods-Cathaybk_iOS_interview/Pods-Cathaybk_iOS_interview.debug.xcconfig"; sourceTree = "<group>"; };
		B6248E3C27919883160696B1 /* Pods-Cathaybk_iOS_interview-Cathaybk_iOS_interviewUITests.debug.xcconfig */ = {isa = PBXFileReference; includeInIndex = 1; lastKnownFileType = text.xcconfig; name = "Pods-Cathaybk_iOS_interview-Cathaybk_iOS_interviewUITests.debug.xcconfig"; path = "Target Support Files/Pods-Cathaybk_iOS_interview-Cathaybk_iOS_interviewUITests/Pods-Cathaybk_iOS_interview-Cathaybk_iOS_interviewUITests.debug.xcconfig"; sourceTree = "<group>"; };
		CC8A13CBC0F07B42B1165BF1 /* Pods_Cathaybk_iOS_interview.framework */ = {isa = PBXFileReference; explicitFileType = wrapper.framework; includeInIndex = 0; path = Pods_Cathaybk_iOS_interview.framework; sourceTree = BUILT_PRODUCTS_DIR; };
		EFDAF9A1EFA55682F3ED9906 /* Pods-Cathaybk_iOS_interview.release.xcconfig */ = {isa = PBXFileReference; includeInIndex = 1; lastKnownFileType = text.xcconfig; name = "Pods-Cathaybk_iOS_interview.release.xcconfig"; path = "Target Support Files/Pods-Cathaybk_iOS_interview/Pods-Cathaybk_iOS_interview.release.xcconfig"; sourceTree = "<group>"; };
/* End PBXFileReference section */

/* Begin PBXFrameworksBuildPhase section */
		02C779072B32ECB1001B8CB4 /* Frameworks */ = {
			isa = PBXFrameworksBuildPhase;
			buildActionMask = 2147483647;
			files = (
				3E822E589F61516BCC3124ED /* Pods_Cathaybk_iOS_interview.framework in Frameworks */,
			);
			runOnlyForDeploymentPostprocessing = 0;
		};
		02C7791D2B32ECB5001B8CB4 /* Frameworks */ = {
			isa = PBXFrameworksBuildPhase;
			buildActionMask = 2147483647;
			files = (
				7DB5D50A48EBC87975EFAC50 /* Pods_Cathaybk_iOS_interviewTests.framework in Frameworks */,
			);
			runOnlyForDeploymentPostprocessing = 0;
		};
		02C779272B32ECB5001B8CB4 /* Frameworks */ = {
			isa = PBXFrameworksBuildPhase;
			buildActionMask = 2147483647;
			files = (
				87CDF61B0E8B3A771E70CA91 /* Pods_Cathaybk_iOS_interview_Cathaybk_iOS_interviewUITests.framework in Frameworks */,
			);
			runOnlyForDeploymentPostprocessing = 0;
		};
/* End PBXFrameworksBuildPhase section */

/* Begin PBXGroup section */
		02A21B392B46A26C00E60559 /* Invite */ = {
			isa = PBXGroup;
			children = (
				02A2D5042B46DFC4003E4902 /* InvitationViewController.swift */,
				02A2D4FE2B46D3ED003E4902 /* InviteCardView.swift */,
				02A2D5002B46D415003E4902 /* CardProtocols.swift */,
				02A2D5022B46D43B003E4902 /* InviteContainer.swift */,
			);
			path = Invite;
			sourceTree = "<group>";
		};
		02A2D5062B47DA93003E4902 /* Badge */ = {
			isa = PBXGroup;
			children = (
				02A2D5072B47DAAC003E4902 /* BadgeHub.swift */,
			);
			path = Badge;
			sourceTree = "<group>";
		};
		02A800622B40628B00CAA2B4 /* Utils */ = {
			isa = PBXGroup;
			children = (
				02A800632B4062A000CAA2B4 /* UIColor+Ext.swift */,
				02D400272B34185800BA571C /* PinkRectangleView.swift */,
			);
			path = Utils;
			sourceTree = "<group>";
		};
		02A800652B40646A00CAA2B4 /* Component */ = {
			isa = PBXGroup;
			children = (
				02C779502B332696001B8CB4 /* Profile */,
				02A2D5062B47DA93003E4902 /* Badge */,
				02A21B392B46A26C00E60559 /* Invite */,
				02A800662B4065BD00CAA2B4 /* SelectedFilterView.swift */,
				02A3702F2B4144B90057FB6A /* FriendTableViewCell.swift */,
				02A370372B4409660057FB6A /* EmptyView.swift */,
				02A2D5092B47FBDB003E4902 /* GradientButton.swift */,
			);
			path = Component;
			sourceTree = "<group>";
		};
		02C779012B32ECB1001B8CB4 = {
			isa = PBXGroup;
			children = (
				02C7790C2B32ECB1001B8CB4 /* Cathaybk_iOS_interview */,
				02C779232B32ECB5001B8CB4 /* Cathaybk_iOS_interviewTests */,
				02C7792D2B32ECB5001B8CB4 /* Cathaybk_iOS_interviewUITests */,
				02C7790B2B32ECB1001B8CB4 /* Products */,
				9F1CD1E17BEA20654C066738 /* Pods */,
				8526B409AF88CD37F60F8552 /* Frameworks */,
			);
			sourceTree = "<group>";
		};
		02C7790B2B32ECB1001B8CB4 /* Products */ = {
			isa = PBXGroup;
			children = (
				02C7790A2B32ECB1001B8CB4 /* Cathaybk_iOS_interview.app */,
				02C779202B32ECB5001B8CB4 /* Cathaybk_iOS_interviewTests.xctest */,
				02C7792A2B32ECB5001B8CB4 /* Cathaybk_iOS_interviewUITests.xctest */,
			);
			name = Products;
			sourceTree = "<group>";
		};
		02C7790C2B32ECB1001B8CB4 /* Cathaybk_iOS_interview */ = {
			isa = PBXGroup;
			children = (
				02A800622B40628B00CAA2B4 /* Utils */,
				02C7795A2B332D54001B8CB4 /* Model */,
				02C779572B332CA7001B8CB4 /* Service */,
				02C779422B32F4D0001B8CB4 /* Core */,
				02C7793D2B32F43E001B8CB4 /* TabBar */,
				02C7790D2B32ECB1001B8CB4 /* AppDelegate.swift */,
				02C7790F2B32ECB1001B8CB4 /* SceneDelegate.swift */,
				02C779162B32ECB4001B8CB4 /* Assets.xcassets */,
				02C779182B32ECB4001B8CB4 /* LaunchScreen.storyboard */,
				02C7791B2B32ECB4001B8CB4 /* Info.plist */,
			);
			path = Cathaybk_iOS_interview;
			sourceTree = "<group>";
		};
		02C779232B32ECB5001B8CB4 /* Cathaybk_iOS_interviewTests */ = {
			isa = PBXGroup;
			children = (
				02C779242B32ECB5001B8CB4 /* Cathaybk_iOS_interviewTests.swift */,
			);
			path = Cathaybk_iOS_interviewTests;
			sourceTree = "<group>";
		};
		02C7792D2B32ECB5001B8CB4 /* Cathaybk_iOS_interviewUITests */ = {
			isa = PBXGroup;
			children = (
				02C7792E2B32ECB5001B8CB4 /* Cathaybk_iOS_interviewUITests.swift */,
				02C779302B32ECB5001B8CB4 /* Cathaybk_iOS_interviewUITestsLaunchTests.swift */,
			);
			path = Cathaybk_iOS_interviewUITests;
			sourceTree = "<group>";
		};
		02C7793D2B32F43E001B8CB4 /* TabBar */ = {
			isa = PBXGroup;
			children = (
				02A2D51D2B4AF64C003E4902 /* CustomTabBarViewController.swift */,
				02C779402B32F488001B8CB4 /* MainTabBarViewController.swift */,
			);
			path = TabBar;
			sourceTree = "<group>";
		};
		02C779422B32F4D0001B8CB4 /* Core */ = {
			isa = PBXGroup;
			children = (
				02C779462B32F510001B8CB4 /* ProductsViewController.swift */,
				02A2D5192B4ADBFB003E4902 /* KOViewController.swift */,
				02A2D5172B4AD93D003E4902 /* ScenarioSelectViewController.swift */,
				02C7794A2B32F564001B8CB4 /* ManageViewController.swift */,
				02C7794C2B32F570001B8CB4 /* SettingViewController.swift */,
				02D400292B341D1800BA571C /* Friend */,
			);
			path = Core;
			sourceTree = "<group>";
		};
		02C779502B332696001B8CB4 /* Profile */ = {
			isa = PBXGroup;
			children = (
				02C779542B332C6F001B8CB4 /* View */,
				02C779532B332C68001B8CB4 /* ViewModel */,
			);
			path = Profile;
			sourceTree = "<group>";
		};
		02C779532B332C68001B8CB4 /* ViewModel */ = {
			isa = PBXGroup;
			children = (
				02C779552B332C85001B8CB4 /* ProfileViewModel.swift */,
			);
			path = ViewModel;
			sourceTree = "<group>";
		};
		02C779542B332C6F001B8CB4 /* View */ = {
			isa = PBXGroup;
			children = (
				02C779512B3326E2001B8CB4 /* ProfileView.swift */,
				02D400222B33E40700BA571C /* CircularProfileImageView.swift */,
			);
			path = View;
			sourceTree = "<group>";
		};
		02C779572B332CA7001B8CB4 /* Service */ = {
			isa = PBXGroup;
			children = (
				02C779582B332CF7001B8CB4 /* APIService.swift */,
			);
			path = Service;
			sourceTree = "<group>";
		};
		02C7795A2B332D54001B8CB4 /* Model */ = {
			isa = PBXGroup;
			children = (
				02C7795B2B332D6D001B8CB4 /* User.swift */,
				02C7795D2B333103001B8CB4 /* Friends.swift */,
			);
			path = Model;
			sourceTree = "<group>";
		};
		02D400292B341D1800BA571C /* Friend */ = {
			isa = PBXGroup;
			children = (
				02AFB6112B5654420016FF0A /* FriendViewController.swift */,
				02A800652B40646A00CAA2B4 /* Component */,
				02D400312B345EB700BA571C /* ViewModel */,
			);
			path = Friend;
			sourceTree = "<group>";
		};
		02D400312B345EB700BA571C /* ViewModel */ = {
			isa = PBXGroup;
			children = (
				02D400322B345ECC00BA571C /* FriendTableViewModel.swift */,
			);
			path = ViewModel;
			sourceTree = "<group>";
		};
		8526B409AF88CD37F60F8552 /* Frameworks */ = {
			isa = PBXGroup;
			children = (
				CC8A13CBC0F07B42B1165BF1 /* Pods_Cathaybk_iOS_interview.framework */,
				3667AA4B3C77B03079ABA8C0 /* Pods_Cathaybk_iOS_interview_Cathaybk_iOS_interviewUITests.framework */,
				1763037321F34E323BBC8E02 /* Pods_Cathaybk_iOS_interviewTests.framework */,
			);
			name = Frameworks;
			sourceTree = "<group>";
		};
		9F1CD1E17BEA20654C066738 /* Pods */ = {
			isa = PBXGroup;
			children = (
				A0CB29C3CE005320B3C29C3A /* Pods-Cathaybk_iOS_interview.debug.xcconfig */,
				EFDAF9A1EFA55682F3ED9906 /* Pods-Cathaybk_iOS_interview.release.xcconfig */,
				B6248E3C27919883160696B1 /* Pods-Cathaybk_iOS_interview-Cathaybk_iOS_interviewUITests.debug.xcconfig */,
				4C0AE9BA8B939A13D11518F6 /* Pods-Cathaybk_iOS_interview-Cathaybk_iOS_interviewUITests.release.xcconfig */,
				9C13C5C6FA3BA323F730D88C /* Pods-Cathaybk_iOS_interviewTests.debug.xcconfig */,
				777E4AADC18F79FD50091351 /* Pods-Cathaybk_iOS_interviewTests.release.xcconfig */,
			);
			path = Pods;
			sourceTree = "<group>";
		};
/* End PBXGroup section */

/* Begin PBXNativeTarget section */
		02C779092B32ECB1001B8CB4 /* Cathaybk_iOS_interview */ = {
			isa = PBXNativeTarget;
			buildConfigurationList = 02C779342B32ECB5001B8CB4 /* Build configuration list for PBXNativeTarget "Cathaybk_iOS_interview" */;
			buildPhases = (
				B4DD855BB7218FAED69E6CC3 /* [CP] Check Pods Manifest.lock */,
				02C779062B32ECB1001B8CB4 /* Sources */,
				02C779072B32ECB1001B8CB4 /* Frameworks */,
				02C779082B32ECB1001B8CB4 /* Resources */,
				471D2CF88F56AEA7A3CEA721 /* [CP] Embed Pods Frameworks */,
			);
			buildRules = (
			);
			dependencies = (
			);
			name = Cathaybk_iOS_interview;
			productName = Cathaybk_iOS_interview;
			productReference = 02C7790A2B32ECB1001B8CB4 /* Cathaybk_iOS_interview.app */;
			productType = "com.apple.product-type.application";
		};
		02C7791F2B32ECB5001B8CB4 /* Cathaybk_iOS_interviewTests */ = {
			isa = PBXNativeTarget;
			buildConfigurationList = 02C779372B32ECB5001B8CB4 /* Build configuration list for PBXNativeTarget "Cathaybk_iOS_interviewTests" */;
			buildPhases = (
				CE830EA0D7E8B55EFA82529F /* [CP] Check Pods Manifest.lock */,
				02C7791C2B32ECB5001B8CB4 /* Sources */,
				02C7791D2B32ECB5001B8CB4 /* Frameworks */,
				02C7791E2B32ECB5001B8CB4 /* Resources */,
			);
			buildRules = (
			);
			dependencies = (
				02C779222B32ECB5001B8CB4 /* PBXTargetDependency */,
			);
			name = Cathaybk_iOS_interviewTests;
			productName = Cathaybk_iOS_interviewTests;
			productReference = 02C779202B32ECB5001B8CB4 /* Cathaybk_iOS_interviewTests.xctest */;
			productType = "com.apple.product-type.bundle.unit-test";
		};
		02C779292B32ECB5001B8CB4 /* Cathaybk_iOS_interviewUITests */ = {
			isa = PBXNativeTarget;
			buildConfigurationList = 02C7793A2B32ECB5001B8CB4 /* Build configuration list for PBXNativeTarget "Cathaybk_iOS_interviewUITests" */;
			buildPhases = (
				CB1642932EF94FBE555F8AD4 /* [CP] Check Pods Manifest.lock */,
				02C779262B32ECB5001B8CB4 /* Sources */,
				02C779272B32ECB5001B8CB4 /* Frameworks */,
				02C779282B32ECB5001B8CB4 /* Resources */,
				9553847940E3274014B3ADAD /* [CP] Embed Pods Frameworks */,
			);
			buildRules = (
			);
			dependencies = (
				02C7792C2B32ECB5001B8CB4 /* PBXTargetDependency */,
			);
			name = Cathaybk_iOS_interviewUITests;
			productName = Cathaybk_iOS_interviewUITests;
			productReference = 02C7792A2B32ECB5001B8CB4 /* Cathaybk_iOS_interviewUITests.xctest */;
			productType = "com.apple.product-type.bundle.ui-testing";
		};
/* End PBXNativeTarget section */

/* Begin PBXProject section */
		02C779022B32ECB1001B8CB4 /* Project object */ = {
			isa = PBXProject;
			attributes = {
				BuildIndependentTargetsInParallel = 1;
				LastSwiftUpdateCheck = 1500;
				LastUpgradeCheck = 1500;
				TargetAttributes = {
					02C779092B32ECB1001B8CB4 = {
						CreatedOnToolsVersion = 15.0.1;
					};
					02C7791F2B32ECB5001B8CB4 = {
						CreatedOnToolsVersion = 15.0.1;
						TestTargetID = 02C779092B32ECB1001B8CB4;
					};
					02C779292B32ECB5001B8CB4 = {
						CreatedOnToolsVersion = 15.0.1;
						TestTargetID = 02C779092B32ECB1001B8CB4;
					};
				};
			};
			buildConfigurationList = 02C779052B32ECB1001B8CB4 /* Build configuration list for PBXProject "Cathaybk_iOS_interview" */;
			compatibilityVersion = "Xcode 14.0";
			developmentRegion = en;
			hasScannedForEncodings = 0;
			knownRegions = (
				en,
				Base,
			);
			mainGroup = 02C779012B32ECB1001B8CB4;
			productRefGroup = 02C7790B2B32ECB1001B8CB4 /* Products */;
			projectDirPath = "";
			projectRoot = "";
			targets = (
				02C779092B32ECB1001B8CB4 /* Cathaybk_iOS_interview */,
				02C7791F2B32ECB5001B8CB4 /* Cathaybk_iOS_interviewTests */,
				02C779292B32ECB5001B8CB4 /* Cathaybk_iOS_interviewUITests */,
			);
		};
/* End PBXProject section */

/* Begin PBXResourcesBuildPhase section */
		02C779082B32ECB1001B8CB4 /* Resources */ = {
			isa = PBXResourcesBuildPhase;
			buildActionMask = 2147483647;
			files = (
				02C7791A2B32ECB4001B8CB4 /* LaunchScreen.storyboard in Resources */,
				02C779172B32ECB4001B8CB4 /* Assets.xcassets in Resources */,
			);
			runOnlyForDeploymentPostprocessing = 0;
		};
		02C7791E2B32ECB5001B8CB4 /* Resources */ = {
			isa = PBXResourcesBuildPhase;
			buildActionMask = 2147483647;
			files = (
			);
			runOnlyForDeploymentPostprocessing = 0;
		};
		02C779282B32ECB5001B8CB4 /* Resources */ = {
			isa = PBXResourcesBuildPhase;
			buildActionMask = 2147483647;
			files = (
			);
			runOnlyForDeploymentPostprocessing = 0;
		};
/* End PBXResourcesBuildPhase section */

/* Begin PBXShellScriptBuildPhase section */
		471D2CF88F56AEA7A3CEA721 /* [CP] Embed Pods Frameworks */ = {
			isa = PBXShellScriptBuildPhase;
			buildActionMask = 2147483647;
			files = (
			);
			inputFileListPaths = (
				"${PODS_ROOT}/Target Support Files/Pods-Cathaybk_iOS_interview/Pods-Cathaybk_iOS_interview-frameworks-${CONFIGURATION}-input-files.xcfilelist",
			);
			name = "[CP] Embed Pods Frameworks";
			outputFileListPaths = (
				"${PODS_ROOT}/Target Support Files/Pods-Cathaybk_iOS_interview/Pods-Cathaybk_iOS_interview-frameworks-${CONFIGURATION}-output-files.xcfilelist",
			);
			runOnlyForDeploymentPostprocessing = 0;
			shellPath = /bin/sh;
			shellScript = "\"${PODS_ROOT}/Target Support Files/Pods-Cathaybk_iOS_interview/Pods-Cathaybk_iOS_interview-frameworks.sh\"\n";
			showEnvVarsInLog = 0;
		};
		9553847940E3274014B3ADAD /* [CP] Embed Pods Frameworks */ = {
			isa = PBXShellScriptBuildPhase;
			buildActionMask = 2147483647;
			files = (
			);
			inputFileListPaths = (
				"${PODS_ROOT}/Target Support Files/Pods-Cathaybk_iOS_interview-Cathaybk_iOS_interviewUITests/Pods-Cathaybk_iOS_interview-Cathaybk_iOS_interviewUITests-frameworks-${CONFIGURATION}-input-files.xcfilelist",
			);
			name = "[CP] Embed Pods Frameworks";
			outputFileListPaths = (
				"${PODS_ROOT}/Target Support Files/Pods-Cathaybk_iOS_interview-Cathaybk_iOS_interviewUITests/Pods-Cathaybk_iOS_interview-Cathaybk_iOS_interviewUITests-frameworks-${CONFIGURATION}-output-files.xcfilelist",
			);
			runOnlyForDeploymentPostprocessing = 0;
			shellPath = /bin/sh;
			shellScript = "\"${PODS_ROOT}/Target Support Files/Pods-Cathaybk_iOS_interview-Cathaybk_iOS_interviewUITests/Pods-Cathaybk_iOS_interview-Cathaybk_iOS_interviewUITests-frameworks.sh\"\n";
			showEnvVarsInLog = 0;
		};
		B4DD855BB7218FAED69E6CC3 /* [CP] Check Pods Manifest.lock */ = {
			isa = PBXShellScriptBuildPhase;
			buildActionMask = 2147483647;
			files = (
			);
			inputFileListPaths = (
			);
			inputPaths = (
				"${PODS_PODFILE_DIR_PATH}/Podfile.lock",
				"${PODS_ROOT}/Manifest.lock",
			);
			name = "[CP] Check Pods Manifest.lock";
			outputFileListPaths = (
			);
			outputPaths = (
				"$(DERIVED_FILE_DIR)/Pods-Cathaybk_iOS_interview-checkManifestLockResult.txt",
			);
			runOnlyForDeploymentPostprocessing = 0;
			shellPath = /bin/sh;
			shellScript = "diff \"${PODS_PODFILE_DIR_PATH}/Podfile.lock\" \"${PODS_ROOT}/Manifest.lock\" > /dev/null\nif [ $? != 0 ] ; then\n    # print error to STDERR\n    echo \"error: The sandbox is not in sync with the Podfile.lock. Run 'pod install' or update your CocoaPods installation.\" >&2\n    exit 1\nfi\n# This output is used by Xcode 'outputs' to avoid re-running this script phase.\necho \"SUCCESS\" > \"${SCRIPT_OUTPUT_FILE_0}\"\n";
			showEnvVarsInLog = 0;
		};
		CB1642932EF94FBE555F8AD4 /* [CP] Check Pods Manifest.lock */ = {
			isa = PBXShellScriptBuildPhase;
			buildActionMask = 2147483647;
			files = (
			);
			inputFileListPaths = (
			);
			inputPaths = (
				"${PODS_PODFILE_DIR_PATH}/Podfile.lock",
				"${PODS_ROOT}/Manifest.lock",
			);
			name = "[CP] Check Pods Manifest.lock";
			outputFileListPaths = (
			);
			outputPaths = (
				"$(DERIVED_FILE_DIR)/Pods-Cathaybk_iOS_interview-Cathaybk_iOS_interviewUITests-checkManifestLockResult.txt",
			);
			runOnlyForDeploymentPostprocessing = 0;
			shellPath = /bin/sh;
			shellScript = "diff \"${PODS_PODFILE_DIR_PATH}/Podfile.lock\" \"${PODS_ROOT}/Manifest.lock\" > /dev/null\nif [ $? != 0 ] ; then\n    # print error to STDERR\n    echo \"error: The sandbox is not in sync with the Podfile.lock. Run 'pod install' or update your CocoaPods installation.\" >&2\n    exit 1\nfi\n# This output is used by Xcode 'outputs' to avoid re-running this script phase.\necho \"SUCCESS\" > \"${SCRIPT_OUTPUT_FILE_0}\"\n";
			showEnvVarsInLog = 0;
		};
		CE830EA0D7E8B55EFA82529F /* [CP] Check Pods Manifest.lock */ = {
			isa = PBXShellScriptBuildPhase;
			buildActionMask = 2147483647;
			files = (
			);
			inputFileListPaths = (
			);
			inputPaths = (
				"${PODS_PODFILE_DIR_PATH}/Podfile.lock",
				"${PODS_ROOT}/Manifest.lock",
			);
			name = "[CP] Check Pods Manifest.lock";
			outputFileListPaths = (
			);
			outputPaths = (
				"$(DERIVED_FILE_DIR)/Pods-Cathaybk_iOS_interviewTests-checkManifestLockResult.txt",
			);
			runOnlyForDeploymentPostprocessing = 0;
			shellPath = /bin/sh;
			shellScript = "diff \"${PODS_PODFILE_DIR_PATH}/Podfile.lock\" \"${PODS_ROOT}/Manifest.lock\" > /dev/null\nif [ $? != 0 ] ; then\n    # print error to STDERR\n    echo \"error: The sandbox is not in sync with the Podfile.lock. Run 'pod install' or update your CocoaPods installation.\" >&2\n    exit 1\nfi\n# This output is used by Xcode 'outputs' to avoid re-running this script phase.\necho \"SUCCESS\" > \"${SCRIPT_OUTPUT_FILE_0}\"\n";
			showEnvVarsInLog = 0;
		};
/* End PBXShellScriptBuildPhase section */

/* Begin PBXSourcesBuildPhase section */
		02C779062B32ECB1001B8CB4 /* Sources */ = {
			isa = PBXSourcesBuildPhase;
			buildActionMask = 2147483647;
			files = (
				02A800672B4065BD00CAA2B4 /* SelectedFilterView.swift in Sources */,
				02A2D5012B46D415003E4902 /* CardProtocols.swift in Sources */,
				02A800642B4062A000CAA2B4 /* UIColor+Ext.swift in Sources */,
				02C7795C2B332D6D001B8CB4 /* User.swift in Sources */,
				02A370382B4409660057FB6A /* EmptyView.swift in Sources */,
				02C7795E2B333103001B8CB4 /* Friends.swift in Sources */,
				02D400232B33E40700BA571C /* CircularProfileImageView.swift in Sources */,
				02A2D5032B46D43B003E4902 /* InviteContainer.swift in Sources */,
				02C779412B32F488001B8CB4 /* MainTabBarViewController.swift in Sources */,
				02A2D5052B46DFC4003E4902 /* InvitationViewController.swift in Sources */,
				02A2D4FF2B46D3ED003E4902 /* InviteCardView.swift in Sources */,
				02C7794D2B32F570001B8CB4 /* SettingViewController.swift in Sources */,
				02A2D51A2B4ADBFB003E4902 /* KOViewController.swift in Sources */,
				02A2D5182B4AD93D003E4902 /* ScenarioSelectViewController.swift in Sources */,
				02A2D5082B47DAAC003E4902 /* BadgeHub.swift in Sources */,
				02C7790E2B32ECB1001B8CB4 /* AppDelegate.swift in Sources */,
				02D400282B34185800BA571C /* PinkRectangleView.swift in Sources */,
				02A2D51E2B4AF64C003E4902 /* CustomTabBarViewController.swift in Sources */,
				02A2D50A2B47FBDB003E4902 /* GradientButton.swift in Sources */,
				02C779522B3326E2001B8CB4 /* ProfileView.swift in Sources */,
				02C779562B332C85001B8CB4 /* ProfileViewModel.swift in Sources */,
				02C7794B2B32F564001B8CB4 /* ManageViewController.swift in Sources */,
				02AFB6122B5654420016FF0A /* FriendViewController.swift in Sources */,
				02C779472B32F510001B8CB4 /* ProductsViewController.swift in Sources */,
				02A370302B4144B90057FB6A /* FriendTableViewCell.swift in Sources */,
				02C779592B332CF7001B8CB4 /* APIService.swift in Sources */,
				02D400332B345ECC00BA571C /* FriendTableViewModel.swift in Sources */,
				02C779102B32ECB1001B8CB4 /* SceneDelegate.swift in Sources */,
			);
			runOnlyForDeploymentPostprocessing = 0;
		};
		02C7791C2B32ECB5001B8CB4 /* Sources */ = {
			isa = PBXSourcesBuildPhase;
			buildActionMask = 2147483647;
			files = (
				02C779252B32ECB5001B8CB4 /* Cathaybk_iOS_interviewTests.swift in Sources */,
			);
			runOnlyForDeploymentPostprocessing = 0;
		};
		02C779262B32ECB5001B8CB4 /* Sources */ = {
			isa = PBXSourcesBuildPhase;
			buildActionMask = 2147483647;
			files = (
				02C7792F2B32ECB5001B8CB4 /* Cathaybk_iOS_interviewUITests.swift in Sources */,
				02C779312B32ECB5001B8CB4 /* Cathaybk_iOS_interviewUITestsLaunchTests.swift in Sources */,
			);
			runOnlyForDeploymentPostprocessing = 0;
		};
/* End PBXSourcesBuildPhase section */

/* Begin PBXTargetDependency section */
		02C779222B32ECB5001B8CB4 /* PBXTargetDependency */ = {
			isa = PBXTargetDependency;
			target = 02C779092B32ECB1001B8CB4 /* Cathaybk_iOS_interview */;
			targetProxy = 02C779212B32ECB5001B8CB4 /* PBXContainerItemProxy */;
		};
		02C7792C2B32ECB5001B8CB4 /* PBXTargetDependency */ = {
			isa = PBXTargetDependency;
			target = 02C779092B32ECB1001B8CB4 /* Cathaybk_iOS_interview */;
			targetProxy = 02C7792B2B32ECB5001B8CB4 /* PBXContainerItemProxy */;
		};
/* End PBXTargetDependency section */

/* Begin PBXVariantGroup section */
		02C779182B32ECB4001B8CB4 /* LaunchScreen.storyboard */ = {
			isa = PBXVariantGroup;
			children = (
				02C779192B32ECB4001B8CB4 /* Base */,
			);
			name = LaunchScreen.storyboard;
			sourceTree = "<group>";
		};
/* End PBXVariantGroup section */

/* Begin XCBuildConfiguration section */
		02C779322B32ECB5001B8CB4 /* Debug */ = {
			isa = XCBuildConfiguration;
			buildSettings = {
				ALWAYS_SEARCH_USER_PATHS = NO;
				ASSETCATALOG_COMPILER_GENERATE_SWIFT_ASSET_SYMBOL_EXTENSIONS = YES;
				CLANG_ANALYZER_NONNULL = YES;
				CLANG_ANALYZER_NUMBER_OBJECT_CONVERSION = YES_AGGRESSIVE;
				CLANG_CXX_LANGUAGE_STANDARD = "gnu++20";
				CLANG_ENABLE_MODULES = YES;
				CLANG_ENABLE_OBJC_ARC = YES;
				CLANG_ENABLE_OBJC_WEAK = YES;
				CLANG_WARN_BLOCK_CAPTURE_AUTORELEASING = YES;
				CLANG_WARN_BOOL_CONVERSION = YES;
				CLANG_WARN_COMMA = YES;
				CLANG_WARN_CONSTANT_CONVERSION = YES;
				CLANG_WARN_DEPRECATED_OBJC_IMPLEMENTATIONS = YES;
				CLANG_WARN_DIRECT_OBJC_ISA_USAGE = YES_ERROR;
				CLANG_WARN_DOCUMENTATION_COMMENTS = YES;
				CLANG_WARN_EMPTY_BODY = YES;
				CLANG_WARN_ENUM_CONVERSION = YES;
				CLANG_WARN_INFINITE_RECURSION = YES;
				CLANG_WARN_INT_CONVERSION = YES;
				CLANG_WARN_NON_LITERAL_NULL_CONVERSION = YES;
				CLANG_WARN_OBJC_IMPLICIT_RETAIN_SELF = YES;
				CLANG_WARN_OBJC_LITERAL_CONVERSION = YES;
				CLANG_WARN_OBJC_ROOT_CLASS = YES_ERROR;
				CLANG_WARN_QUOTED_INCLUDE_IN_FRAMEWORK_HEADER = YES;
				CLANG_WARN_RANGE_LOOP_ANALYSIS = YES;
				CLANG_WARN_STRICT_PROTOTYPES = YES;
				CLANG_WARN_SUSPICIOUS_MOVE = YES;
				CLANG_WARN_UNGUARDED_AVAILABILITY = YES_AGGRESSIVE;
				CLANG_WARN_UNREACHABLE_CODE = YES;
				CLANG_WARN__DUPLICATE_METHOD_MATCH = YES;
				COPY_PHASE_STRIP = NO;
				DEBUG_INFORMATION_FORMAT = dwarf;
				ENABLE_STRICT_OBJC_MSGSEND = YES;
				ENABLE_TESTABILITY = YES;
				ENABLE_USER_SCRIPT_SANDBOXING = YES;
				GCC_C_LANGUAGE_STANDARD = gnu17;
				GCC_DYNAMIC_NO_PIC = NO;
				GCC_NO_COMMON_BLOCKS = YES;
				GCC_OPTIMIZATION_LEVEL = 0;
				GCC_PREPROCESSOR_DEFINITIONS = (
					"DEBUG=1",
					"$(inherited)",
				);
				GCC_WARN_64_TO_32_BIT_CONVERSION = YES;
				GCC_WARN_ABOUT_RETURN_TYPE = YES_ERROR;
				GCC_WARN_UNDECLARED_SELECTOR = YES;
				GCC_WARN_UNINITIALIZED_AUTOS = YES_AGGRESSIVE;
				GCC_WARN_UNUSED_FUNCTION = YES;
				GCC_WARN_UNUSED_VARIABLE = YES;
				IPHONEOS_DEPLOYMENT_TARGET = 16.0;
				LOCALIZATION_PREFERS_STRING_CATALOGS = YES;
				MTL_ENABLE_DEBUG_INFO = INCLUDE_SOURCE;
				MTL_FAST_MATH = YES;
				ONLY_ACTIVE_ARCH = YES;
				SDKROOT = iphoneos;
				SWIFT_ACTIVE_COMPILATION_CONDITIONS = "DEBUG $(inherited)";
				SWIFT_OPTIMIZATION_LEVEL = "-Onone";
			};
			name = Debug;
		};
		02C779332B32ECB5001B8CB4 /* Release */ = {
			isa = XCBuildConfiguration;
			buildSettings = {
				ALWAYS_SEARCH_USER_PATHS = NO;
				ASSETCATALOG_COMPILER_GENERATE_SWIFT_ASSET_SYMBOL_EXTENSIONS = YES;
				CLANG_ANALYZER_NONNULL = YES;
				CLANG_ANALYZER_NUMBER_OBJECT_CONVERSION = YES_AGGRESSIVE;
				CLANG_CXX_LANGUAGE_STANDARD = "gnu++20";
				CLANG_ENABLE_MODULES = YES;
				CLANG_ENABLE_OBJC_ARC = YES;
				CLANG_ENABLE_OBJC_WEAK = YES;
				CLANG_WARN_BLOCK_CAPTURE_AUTORELEASING = YES;
				CLANG_WARN_BOOL_CONVERSION = YES;
				CLANG_WARN_COMMA = YES;
				CLANG_WARN_CONSTANT_CONVERSION = YES;
				CLANG_WARN_DEPRECATED_OBJC_IMPLEMENTATIONS = YES;
				CLANG_WARN_DIRECT_OBJC_ISA_USAGE = YES_ERROR;
				CLANG_WARN_DOCUMENTATION_COMMENTS = YES;
				CLANG_WARN_EMPTY_BODY = YES;
				CLANG_WARN_ENUM_CONVERSION = YES;
				CLANG_WARN_INFINITE_RECURSION = YES;
				CLANG_WARN_INT_CONVERSION = YES;
				CLANG_WARN_NON_LITERAL_NULL_CONVERSION = YES;
				CLANG_WARN_OBJC_IMPLICIT_RETAIN_SELF = YES;
				CLANG_WARN_OBJC_LITERAL_CONVERSION = YES;
				CLANG_WARN_OBJC_ROOT_CLASS = YES_ERROR;
				CLANG_WARN_QUOTED_INCLUDE_IN_FRAMEWORK_HEADER = YES;
				CLANG_WARN_RANGE_LOOP_ANALYSIS = YES;
				CLANG_WARN_STRICT_PROTOTYPES = YES;
				CLANG_WARN_SUSPICIOUS_MOVE = YES;
				CLANG_WARN_UNGUARDED_AVAILABILITY = YES_AGGRESSIVE;
				CLANG_WARN_UNREACHABLE_CODE = YES;
				CLANG_WARN__DUPLICATE_METHOD_MATCH = YES;
				COPY_PHASE_STRIP = NO;
				DEBUG_INFORMATION_FORMAT = "dwarf-with-dsym";
				ENABLE_NS_ASSERTIONS = NO;
				ENABLE_STRICT_OBJC_MSGSEND = YES;
				ENABLE_USER_SCRIPT_SANDBOXING = YES;
				GCC_C_LANGUAGE_STANDARD = gnu17;
				GCC_NO_COMMON_BLOCKS = YES;
				GCC_WARN_64_TO_32_BIT_CONVERSION = YES;
				GCC_WARN_ABOUT_RETURN_TYPE = YES_ERROR;
				GCC_WARN_UNDECLARED_SELECTOR = YES;
				GCC_WARN_UNINITIALIZED_AUTOS = YES_AGGRESSIVE;
				GCC_WARN_UNUSED_FUNCTION = YES;
				GCC_WARN_UNUSED_VARIABLE = YES;
				IPHONEOS_DEPLOYMENT_TARGET = 16.0;
				LOCALIZATION_PREFERS_STRING_CATALOGS = YES;
				MTL_ENABLE_DEBUG_INFO = NO;
				MTL_FAST_MATH = YES;
				SDKROOT = iphoneos;
				SWIFT_COMPILATION_MODE = wholemodule;
				VALIDATE_PRODUCT = YES;
			};
			name = Release;
		};
		02C779352B32ECB5001B8CB4 /* Debug */ = {
			isa = XCBuildConfiguration;
			baseConfigurationReference = A0CB29C3CE005320B3C29C3A /* Pods-Cathaybk_iOS_interview.debug.xcconfig */;
			buildSettings = {
				ASSETCATALOG_COMPILER_APPICON_NAME = AppIcon;
				ASSETCATALOG_COMPILER_GLOBAL_ACCENT_COLOR_NAME = AccentColor;
				CODE_SIGN_STYLE = Automatic;
				CURRENT_PROJECT_VERSION = 1;
				DEVELOPMENT_TEAM = S4URMM3RJV;
				ENABLE_USER_SCRIPT_SANDBOXING = NO;
				GENERATE_INFOPLIST_FILE = YES;
				INFOPLIST_FILE = Cathaybk_iOS_interview/Info.plist;
				INFOPLIST_KEY_UIApplicationSupportsIndirectInputEvents = YES;
				INFOPLIST_KEY_UILaunchStoryboardName = LaunchScreen;
				INFOPLIST_KEY_UISupportedInterfaceOrientations_iPad = "UIInterfaceOrientationPortrait UIInterfaceOrientationPortraitUpsideDown UIInterfaceOrientationLandscapeLeft UIInterfaceOrientationLandscapeRight";
				INFOPLIST_KEY_UISupportedInterfaceOrientations_iPhone = "UIInterfaceOrientationPortrait UIInterfaceOrientationLandscapeLeft UIInterfaceOrientationLandscapeRight";
				IPHONEOS_DEPLOYMENT_TARGET = 16.0;
				LD_RUNPATH_SEARCH_PATHS = (
					"$(inherited)",
					"@executable_path/Frameworks",
				);
				MARKETING_VERSION = 1.0;
				PRODUCT_BUNDLE_IDENTIFIER = "com.Logan.Cathaybk-iOS-interview.Cathaybk-iOS-interview";
				PRODUCT_NAME = "$(TARGET_NAME)";
				SWIFT_EMIT_LOC_STRINGS = YES;
				SWIFT_VERSION = 5.0;
				TARGETED_DEVICE_FAMILY = "1,2";
			};
			name = Debug;
		};
		02C779362B32ECB5001B8CB4 /* Release */ = {
			isa = XCBuildConfiguration;
			baseConfigurationReference = EFDAF9A1EFA55682F3ED9906 /* Pods-Cathaybk_iOS_interview.release.xcconfig */;
			buildSettings = {
				ASSETCATALOG_COMPILER_APPICON_NAME = AppIcon;
				ASSETCATALOG_COMPILER_GLOBAL_ACCENT_COLOR_NAME = AccentColor;
				CODE_SIGN_STYLE = Automatic;
				CURRENT_PROJECT_VERSION = 1;
				DEVELOPMENT_TEAM = S4URMM3RJV;
				ENABLE_USER_SCRIPT_SANDBOXING = NO;
				GENERATE_INFOPLIST_FILE = YES;
				INFOPLIST_FILE = Cathaybk_iOS_interview/Info.plist;
				INFOPLIST_KEY_UIApplicationSupportsIndirectInputEvents = YES;
				INFOPLIST_KEY_UILaunchStoryboardName = LaunchScreen;
				INFOPLIST_KEY_UISupportedInterfaceOrientations_iPad = "UIInterfaceOrientationPortrait UIInterfaceOrientationPortraitUpsideDown UIInterfaceOrientationLandscapeLeft UIInterfaceOrientationLandscapeRight";
				INFOPLIST_KEY_UISupportedInterfaceOrientations_iPhone = "UIInterfaceOrientationPortrait UIInterfaceOrientationLandscapeLeft UIInterfaceOrientationLandscapeRight";
				IPHONEOS_DEPLOYMENT_TARGET = 16.0;
				LD_RUNPATH_SEARCH_PATHS = (
					"$(inherited)",
					"@executable_path/Frameworks",
				);
				MARKETING_VERSION = 1.0;
				PRODUCT_BUNDLE_IDENTIFIER = "com.Logan.Cathaybk-iOS-interview.Cathaybk-iOS-interview";
				PRODUCT_NAME = "$(TARGET_NAME)";
				SWIFT_EMIT_LOC_STRINGS = YES;
				SWIFT_VERSION = 5.0;
				TARGETED_DEVICE_FAMILY = "1,2";
			};
			name = Release;
		};
		02C779382B32ECB5001B8CB4 /* Debug */ = {
			isa = XCBuildConfiguration;
			baseConfigurationReference = 9C13C5C6FA3BA323F730D88C /* Pods-Cathaybk_iOS_interviewTests.debug.xcconfig */;
			buildSettings = {
				ALWAYS_EMBED_SWIFT_STANDARD_LIBRARIES = YES;
				BUNDLE_LOADER = "$(TEST_HOST)";
				CODE_SIGN_STYLE = Automatic;
				CURRENT_PROJECT_VERSION = 1;
				DEVELOPMENT_TEAM = S4URMM3RJV;
				GENERATE_INFOPLIST_FILE = YES;
				IPHONEOS_DEPLOYMENT_TARGET = 17.0;
				MARKETING_VERSION = 1.0;
				PRODUCT_BUNDLE_IDENTIFIER = "com.Logan.Cathaybk-iOS-interview.Cathaybk-iOS-interviewTests";
				PRODUCT_NAME = "$(TARGET_NAME)";
				SWIFT_EMIT_LOC_STRINGS = NO;
				SWIFT_VERSION = 5.0;
				TARGETED_DEVICE_FAMILY = "1,2";
				TEST_HOST = "$(BUILT_PRODUCTS_DIR)/Cathaybk_iOS_interview.app/$(BUNDLE_EXECUTABLE_FOLDER_PATH)/Cathaybk_iOS_interview";
			};
			name = Debug;
		};
		02C779392B32ECB5001B8CB4 /* Release */ = {
			isa = XCBuildConfiguration;
			baseConfigurationReference = 777E4AADC18F79FD50091351 /* Pods-Cathaybk_iOS_interviewTests.release.xcconfig */;
			buildSettings = {
				ALWAYS_EMBED_SWIFT_STANDARD_LIBRARIES = YES;
				BUNDLE_LOADER = "$(TEST_HOST)";
				CODE_SIGN_STYLE = Automatic;
				CURRENT_PROJECT_VERSION = 1;
				DEVELOPMENT_TEAM = S4URMM3RJV;
				GENERATE_INFOPLIST_FILE = YES;
				IPHONEOS_DEPLOYMENT_TARGET = 17.0;
				MARKETING_VERSION = 1.0;
				PRODUCT_BUNDLE_IDENTIFIER = "com.Logan.Cathaybk-iOS-interview.Cathaybk-iOS-interviewTests";
				PRODUCT_NAME = "$(TARGET_NAME)";
				SWIFT_EMIT_LOC_STRINGS = NO;
				SWIFT_VERSION = 5.0;
				TARGETED_DEVICE_FAMILY = "1,2";
				TEST_HOST = "$(BUILT_PRODUCTS_DIR)/Cathaybk_iOS_interview.app/$(BUNDLE_EXECUTABLE_FOLDER_PATH)/Cathaybk_iOS_interview";
			};
			name = Release;
		};
		02C7793B2B32ECB5001B8CB4 /* Debug */ = {
			isa = XCBuildConfiguration;
			baseConfigurationReference = B6248E3C27919883160696B1 /* Pods-Cathaybk_iOS_interview-Cathaybk_iOS_interviewUITests.debug.xcconfig */;
			buildSettings = {
				ALWAYS_EMBED_SWIFT_STANDARD_LIBRARIES = YES;
				CODE_SIGN_STYLE = Automatic;
				CURRENT_PROJECT_VERSION = 1;
				DEVELOPMENT_TEAM = S4URMM3RJV;
				GENERATE_INFOPLIST_FILE = YES;
				MARKETING_VERSION = 1.0;
				PRODUCT_BUNDLE_IDENTIFIER = "com.Logan.Cathaybk-iOS-interview.Cathaybk-iOS-interviewUITests";
				PRODUCT_NAME = "$(TARGET_NAME)";
				SWIFT_EMIT_LOC_STRINGS = NO;
				SWIFT_VERSION = 5.0;
				TARGETED_DEVICE_FAMILY = "1,2";
				TEST_TARGET_NAME = Cathaybk_iOS_interview;
			};
			name = Debug;
		};
		02C7793C2B32ECB5001B8CB4 /* Release */ = {
			isa = XCBuildConfiguration;
			baseConfigurationReference = 4C0AE9BA8B939A13D11518F6 /* Pods-Cathaybk_iOS_interview-Cathaybk_iOS_interviewUITests.release.xcconfig */;
			buildSettings = {
				ALWAYS_EMBED_SWIFT_STANDARD_LIBRARIES = YES;
				CODE_SIGN_STYLE = Automatic;
				CURRENT_PROJECT_VERSION = 1;
				DEVELOPMENT_TEAM = S4URMM3RJV;
				GENERATE_INFOPLIST_FILE = YES;
				MARKETING_VERSION = 1.0;
				PRODUCT_BUNDLE_IDENTIFIER = "com.Logan.Cathaybk-iOS-interview.Cathaybk-iOS-interviewUITests";
				PRODUCT_NAME = "$(TARGET_NAME)";
				SWIFT_EMIT_LOC_STRINGS = NO;
				SWIFT_VERSION = 5.0;
				TARGETED_DEVICE_FAMILY = "1,2";
				TEST_TARGET_NAME = Cathaybk_iOS_interview;
			};
			name = Release;
		};
/* End XCBuildConfiguration section */

/* Begin XCConfigurationList section */
		02C779052B32ECB1001B8CB4 /* Build configuration list for PBXProject "Cathaybk_iOS_interview" */ = {
			isa = XCConfigurationList;
			buildConfigurations = (
				02C779322B32ECB5001B8CB4 /* Debug */,
				02C779332B32ECB5001B8CB4 /* Release */,
			);
			defaultConfigurationIsVisible = 0;
			defaultConfigurationName = Release;
		};
		02C779342B32ECB5001B8CB4 /* Build configuration list for PBXNativeTarget "Cathaybk_iOS_interview" */ = {
			isa = XCConfigurationList;
			buildConfigurations = (
				02C779352B32ECB5001B8CB4 /* Debug */,
				02C779362B32ECB5001B8CB4 /* Release */,
			);
			defaultConfigurationIsVisible = 0;
			defaultConfigurationName = Release;
		};
		02C779372B32ECB5001B8CB4 /* Build configuration list for PBXNativeTarget "Cathaybk_iOS_interviewTests" */ = {
			isa = XCConfigurationList;
			buildConfigurations = (
				02C779382B32ECB5001B8CB4 /* Debug */,
				02C779392B32ECB5001B8CB4 /* Release */,
			);
			defaultConfigurationIsVisible = 0;
			defaultConfigurationName = Release;
		};
		02C7793A2B32ECB5001B8CB4 /* Build configuration list for PBXNativeTarget "Cathaybk_iOS_interviewUITests" */ = {
			isa = XCConfigurationList;
			buildConfigurations = (
				02C7793B2B32ECB5001B8CB4 /* Debug */,
				02C7793C2B32ECB5001B8CB4 /* Release */,
			);
			defaultConfigurationIsVisible = 0;
			defaultConfigurationName = Release;
		};
/* End XCConfigurationList section */
	};
	rootObject = 02C779022B32ECB1001B8CB4 /* Project object */;
}
